
Microsoft Visual Studio Solution File, Format Version 12.00
# Visual Studio 15
VisualStudioVersion = 15.0.27130.0
MinimumVisualStudioVersion = 10.0.40219.1
Project("{FAE04EC0-301F-11D3-BF4B-00C04F79EFBC}") = "Store.WebUI", "Store.WebUI\Store.WebUI.csproj", "{9B6D682C-23E2-4975-955D-56BF7EC4C9EA}"
EndProject
Project("{FAE04EC0-301F-11D3-BF4B-00C04F79EFBC}") = "Store.Domain", "Store.Domain\Store.Domain.csproj", "{B7B4DFB1-EBDA-4646-BE37-E7E5DA3FBF94}"
EndProject
Project("{FAE04EC0-301F-11D3-BF4B-00C04F79EFBC}") = "Store.UnitTest", "Store.UnitTest\Store.UnitTest.csproj", "{527D2F2B-F515-401A-BED0-BE0BCBC95A7B}"
EndProject
Global
	GlobalSection(SolutionConfigurationPlatforms) = preSolution
		Debug|Any CPU = Debug|Any CPU
		Release|Any CPU = Release|Any CPU
	EndGlobalSection
	GlobalSection(ProjectConfigurationPlatforms) = postSolution
		{9B6D682C-23E2-4975-955D-56BF7EC4C9EA}.Debug|Any CPU.ActiveCfg = Debug|Any CPU
		{9B6D682C-23E2-4975-955D-56BF7EC4C9EA}.Debug|Any CPU.Build.0 = Debug|Any CPU
		{9B6D682C-23E2-4975-955D-56BF7EC4C9EA}.Release|Any CPU.ActiveCfg = Release|Any CPU
		{9B6D682C-23E2-4975-955D-56BF7EC4C9EA}.Release|Any CPU.Build.0 = Release|Any CPU
		{B7B4DFB1-EBDA-4646-BE37-E7E5DA3FBF94}.Debug|Any CPU.ActiveCfg = Debug|Any CPU
		{B7B4DFB1-EBDA-4646-BE37-E7E5DA3FBF94}.Debug|Any CPU.Build.0 = Debug|Any CPU
		{B7B4DFB1-EBDA-4646-BE37-E7E5DA3FBF94}.Release|Any CPU.ActiveCfg = Release|Any CPU
		{B7B4DFB1-EBDA-4646-BE37-E7E5DA3FBF94}.Release|Any CPU.Build.0 = Release|Any CPU
		{527D2F2B-F515-401A-BED0-BE0BCBC95A7B}.Debug|Any CPU.ActiveCfg = Debug|Any CPU
		{527D2F2B-F515-401A-BED0-BE0BCBC95A7B}.Debug|Any CPU.Build.0 = Debug|Any CPU
		{527D2F2B-F515-401A-BED0-BE0BCBC95A7B}.Release|Any CPU.ActiveCfg = Release|Any CPU
		{527D2F2B-F515-401A-BED0-BE0BCBC95A7B}.Release|Any CPU.Build.0 = Release|Any CPU
	EndGlobalSection
	GlobalSection(SolutionProperties) = preSolution
		HideSolutionNode = FALSE
	EndGlobalSection
	GlobalSection(ExtensibilityGlobals) = postSolution
		SolutionGuid = {DF5A00AF-64A8-441F-9BE4-B2B43BFB92B8}
	EndGlobalSection
EndGlobal
